
Microsoft Visual Studio Solution File, Format Version 12.00
Project("{FAE04EC0-301F-11D3-BF4B-00C04F79EFBC}") = "ReleasesFileGenerator.Console", "src\ReleasesFileGenerator.Console\ReleasesFileGenerator.Console.csproj", "{49E453F6-1C26-42C5-8E28-C50043C538D0}"
EndProject
Project("{2150E333-8FDC-42A3-9474-1A3956D46DE8}") = "src", "src", "{8530410C-B530-4989-AA47-67855439E797}"
EndProject
Project("{FAE04EC0-301F-11D3-BF4B-00C04F79EFBC}") = "ReleasesFileGenerator.Launchpad", "src\ReleasesFileGenerator.Launchpad\ReleasesFileGenerator.Launchpad.csproj", "{017BC93D-5E86-4A9E-8621-75332D65491C}"
EndProject
Project("{FAE04EC0-301F-11D3-BF4B-00C04F79EFBC}") = "ReleasesFileGenerator.Types", "src\ReleasesFileGenerator.Types\ReleasesFileGenerator.Types.csproj", "{198098E9-D340-494D-91C8-F880A0B5AC4D}"
EndProject
Project("{FAE04EC0-301F-11D3-BF4B-00C04F79EFBC}") = "ReleasesFileGenerator.Types.Tests", "test\ReleasesFileGenerator.Types.Tests\ReleasesFileGenerator.Types.Tests.csproj", "{DBE5DDCF-F303-45F2-B4ED-7A5FEBB7490A}"
EndProject
Project("{2150E333-8FDC-42A3-9474-1A3956D46DE8}") = "test", "test", "{FC0F7814-3D48-4440-8AF4-381C759A8B37}"
EndProject
Global
	GlobalSection(SolutionConfigurationPlatforms) = preSolution
		Debug|Any CPU = Debug|Any CPU
		Release|Any CPU = Release|Any CPU
	EndGlobalSection
	GlobalSection(ProjectConfigurationPlatforms) = postSolution
		{49E453F6-1C26-42C5-8E28-C50043C538D0}.Debug|Any CPU.ActiveCfg = Debug|Any CPU
		{49E453F6-1C26-42C5-8E28-C50043C538D0}.Debug|Any CPU.Build.0 = Debug|Any CPU
		{49E453F6-1C26-42C5-8E28-C50043C538D0}.Release|Any CPU.ActiveCfg = Release|Any CPU
		{49E453F6-1C26-42C5-8E28-C50043C538D0}.Release|Any CPU.Build.0 = Release|Any CPU
		{017BC93D-5E86-4A9E-8621-75332D65491C}.Debug|Any CPU.ActiveCfg = Debug|Any CPU
		{017BC93D-5E86-4A9E-8621-75332D65491C}.Debug|Any CPU.Build.0 = Debug|Any CPU
		{017BC93D-5E86-4A9E-8621-75332D65491C}.Release|Any CPU.ActiveCfg = Release|Any CPU
		{017BC93D-5E86-4A9E-8621-75332D65491C}.Release|Any CPU.Build.0 = Release|Any CPU
		{198098E9-D340-494D-91C8-F880A0B5AC4D}.Debug|Any CPU.ActiveCfg = Debug|Any CPU
		{198098E9-D340-494D-91C8-F880A0B5AC4D}.Debug|Any CPU.Build.0 = Debug|Any CPU
		{198098E9-D340-494D-91C8-F880A0B5AC4D}.Release|Any CPU.ActiveCfg = Release|Any CPU
		{198098E9-D340-494D-91C8-F880A0B5AC4D}.Release|Any CPU.Build.0 = Release|Any CPU
		{DBE5DDCF-F303-45F2-B4ED-7A5FEBB7490A}.Debug|Any CPU.ActiveCfg = Debug|Any CPU
		{DBE5DDCF-F303-45F2-B4ED-7A5FEBB7490A}.Debug|Any CPU.Build.0 = Debug|Any CPU
		{DBE5DDCF-F303-45F2-B4ED-7A5FEBB7490A}.Release|Any CPU.ActiveCfg = Release|Any CPU
		{DBE5DDCF-F303-45F2-B4ED-7A5FEBB7490A}.Release|Any CPU.Build.0 = Release|Any CPU
	EndGlobalSection
	GlobalSection(NestedProjects) = preSolution
		{49E453F6-1C26-42C5-8E28-C50043C538D0} = {8530410C-B530-4989-AA47-67855439E797}
		{017BC93D-5E86-4A9E-8621-75332D65491C} = {8530410C-B530-4989-AA47-67855439E797}
		{198098E9-D340-494D-91C8-F880A0B5AC4D} = {8530410C-B530-4989-AA47-67855439E797}
		{DBE5DDCF-F303-45F2-B4ED-7A5FEBB7490A} = {FC0F7814-3D48-4440-8AF4-381C759A8B37}
	EndGlobalSection
EndGlobal
